
Microsoft Visual Studio Solution File, Format Version 12.00
# Visual Studio Version 17
VisualStudioVersion = 17.4.33110.190
MinimumVisualStudioVersion = 10.0.40219.1
Project("{FAE04EC0-301F-11D3-BF4B-00C04F79EFBC}") = "DateTime1", "DateTime1.csproj", "{CE4FEA97-01E4-46A8-BC59-EA5325FF94E4}"
EndProject
Project("{2150E333-8FDC-42A3-9474-1A3956D46DE8}") = "Atividades", "Atividades", "{4A6E6CBE-90CA-460F-9F0F-0A022364E617}"
EndProject
Project("{FAE04EC0-301F-11D3-BF4B-00C04F79EFBC}") = "atividades", "..\atividades\atividades.csproj", "{E7BE3191-547C-499A-ACAA-CC3474334B0E}"
EndProject
Global
	GlobalSection(SolutionConfigurationPlatforms) = preSolution
		Debug|Any CPU = Debug|Any CPU
		Release|Any CPU = Release|Any CPU
	EndGlobalSection
	GlobalSection(ProjectConfigurationPlatforms) = postSolution
		{CE4FEA97-01E4-46A8-BC59-EA5325FF94E4}.Debug|Any CPU.ActiveCfg = Debug|Any CPU
		{CE4FEA97-01E4-46A8-BC59-EA5325FF94E4}.Debug|Any CPU.Build.0 = Debug|Any CPU
		{CE4FEA97-01E4-46A8-BC59-EA5325FF94E4}.Release|Any CPU.ActiveCfg = Release|Any CPU
		{CE4FEA97-01E4-46A8-BC59-EA5325FF94E4}.Release|Any CPU.Build.0 = Release|Any CPU
		{E7BE3191-547C-499A-ACAA-CC3474334B0E}.Debug|Any CPU.ActiveCfg = Debug|Any CPU
		{E7BE3191-547C-499A-ACAA-CC3474334B0E}.Debug|Any CPU.Build.0 = Debug|Any CPU
		{E7BE3191-547C-499A-ACAA-CC3474334B0E}.Release|Any CPU.ActiveCfg = Release|Any CPU
		{E7BE3191-547C-499A-ACAA-CC3474334B0E}.Release|Any CPU.Build.0 = Release|Any CPU
	EndGlobalSection
	GlobalSection(SolutionProperties) = preSolution
		HideSolutionNode = FALSE
	EndGlobalSection
	GlobalSection(NestedProjects) = preSolution
		{E7BE3191-547C-499A-ACAA-CC3474334B0E} = {4A6E6CBE-90CA-460F-9F0F-0A022364E617}
	EndGlobalSection
	GlobalSection(ExtensibilityGlobals) = postSolution
		SolutionGuid = {E6F2188E-DB99-4101-BFBC-5E92E87FEC23}
	EndGlobalSection
EndGlobal
